{
  "nodes": {
    "hytale-flake": {
      "inputs": {
        "nixpkgs": [
          "nixpkgs"
        ]
      },
      "locked": {
        "lastModified": 1770160978,
        "narHash": "sha256-6GNbKsJtCB4iFGR/1C3Ztmh/V/IE4pNSwu45fHt1cRI=",
        "owner": "swagtop",
        "repo": "hytale-flake",
        "rev": "101051b16c23462e54ff80cec1a718be63aeb685",
        "type": "github"
      },
      "original": {
        "owner": "swagtop",
        "repo": "hytale-flake",
        "type": "github"
      }
    },
    "nixpkgs": {
      "locked": {
        "lastModified": 1770115704,
        "narHash": "sha256-KHFT9UWOF2yRPlAnSXQJh6uVcgNcWlFqqiAZ7OVlHNc=",
        "owner": "NixOS",
        "repo": "nixpkgs",
        "rev": "e6eae2ee2110f3d31110d5c222cd395303343b08",
        "type": "github"
      },
      "original": {
        "id": "nixpkgs",
        "ref": "nixos-unstable",
        "type": "indirect"
      }
    },
    "root": {
      "inputs": {
        "hytale-flake": "hytale-flake",
        "nixpkgs": "nixpkgs"
      }
    }
  },
  "root": "root",
  "version": 7
}
