{
  "nodes": {
    "hytale-flake": {
      "inputs": {
        "nixpkgs": [
          "nixpkgs"
        ]
      },
      "locked": {
        "lastModified": 1769728844,
        "narHash": "sha256-iD58sSco0wXTKxCGC5svqiFuVdD3+6Tv3yxD+A4/QJk=",
        "owner": "swagtop",
        "repo": "hytale-flake",
        "rev": "301b0810c99740c8a848d88cd6c5b4aedc99d300",
        "type": "github"
      },
      "original": {
        "owner": "swagtop",
        "repo": "hytale-flake",
        "type": "github"
      }
    },
    "nixpkgs": {
      "locked": {
        "lastModified": 1769461804,
        "narHash": "sha256-msG8SU5WsBUfVVa/9RPLaymvi5bI8edTavbIq3vRlhI=",
        "owner": "NixOS",
        "repo": "nixpkgs",
        "rev": "bfc1b8a4574108ceef22f02bafcf6611380c100d",
        "type": "github"
      },
      "original": {
        "id": "nixpkgs",
        "ref": "nixos-unstable",
        "type": "indirect"
      }
    },
    "root": {
      "inputs": {
        "hytale-flake": "hytale-flake",
        "nixpkgs": "nixpkgs"
      }
    }
  },
  "root": "root",
  "version": 7
}
